lockfileVersion: 5.4

specifiers:
  vconsole: ^3.15.1

dependencies:
  vconsole: registry.npmmirror.com/vconsole/3.15.1

packages:

  registry.npmmirror.com/@babel/runtime/7.22.5:
    resolution: {integrity: sha512-ecjvYlnAaZ/KVneE/OdKYBYfgXV3Ptu6zQWmgEF7vwKhQnvVS6bjMD2XYgj+SNvQ1GfK/pjgokfPkC/2CO8CuA==, registry: https://registry.npm.taobao.org/, tarball: https://registry.npmmirror.com/@babel/runtime/-/runtime-7.22.5.tgz}
    name: '@babel/runtime'
    version: 7.22.5
    engines: {node: '>=6.9.0'}
    dependencies:
      regenerator-runtime: registry.npmmirror.com/regenerator-runtime/0.13.11
    dev: false

  registry.npmmirror.com/copy-text-to-clipboard/3.1.0:
    resolution: {integrity: sha512-PFM6BnjLnOON/lB3ta/Jg7Ywsv+l9kQGD4TWDCSlRBGmqnnTM5MrDkhAFgw+8HZt0wW6Q2BBE4cmy9sq+s9Qng==, registry: https://registry.npm.taobao.org/, tarball: https://registry.npmmirror.com/copy-text-to-clipboard/-/copy-text-to-clipboard-3.1.0.tgz}
    name: copy-text-to-clipboard
    version: 3.1.0
    engines: {node: '>=12'}
    dev: false

  registry.npmmirror.com/core-js/3.31.0:
    resolution: {integrity: sha512-NIp2TQSGfR6ba5aalZD+ZQ1fSxGhDo/s1w0nx3RYzf2pnJxt7YynxFlFScP6eV7+GZsKO95NSjGxyJsU3DZgeQ==, registry: https://registry.npm.taobao.org/, tarball: https://registry.npmmirror.com/core-js/-/core-js-3.31.0.tgz}
    name: core-js
    version: 3.31.0
    requiresBuild: true
    dev: false

  registry.npmmirror.com/mutation-observer/1.0.3:
    resolution: {integrity: sha512-M/O/4rF2h776hV7qGMZUH3utZLO/jK7p8rnNgGkjKUw8zCGjRQPxB8z6+5l8+VjRUQ3dNYu4vjqXYLr+U8ZVNA==, registry: https://registry.npm.taobao.org/, tarball: https://registry.npmmirror.com/mutation-observer/-/mutation-observer-1.0.3.tgz}
    name: mutation-observer
    version: 1.0.3
    dev: false

  registry.npmmirror.com/regenerator-runtime/0.13.11:
    resolution: {integrity: sha512-kY1AZVr2Ra+t+piVaJ4gxaFaReZVH40AKNo7UCX6W+dEwBo/2oZJzqfuN1qLq1oL45o56cPaTXELwrTh8Fpggg==, registry: https://registry.npm.taobao.org/, tarball: https://registry.npmmirror.com/regenerator-runtime/-/regenerator-runtime-0.13.11.tgz}
    name: regenerator-runtime
    version: 0.13.11
    dev: false

  registry.npmmirror.com/vconsole/3.15.1:
    resolution: {integrity: sha512-KH8XLdrq9T5YHJO/ixrjivHfmF2PC2CdVoK6RWZB4yftMykYIaXY1mxZYAic70vADM54kpMQF+dYmvl5NRNy1g==, registry: https://registry.npm.taobao.org/, tarball: https://registry.npmmirror.com/vconsole/-/vconsole-3.15.1.tgz}
    name: vconsole
    version: 3.15.1
    dependencies:
      '@babel/runtime': registry.npmmirror.com/@babel/runtime/7.22.5
      copy-text-to-clipboard: registry.npmmirror.com/copy-text-to-clipboard/3.1.0
      core-js: registry.npmmirror.com/core-js/3.31.0
      mutation-observer: registry.npmmirror.com/mutation-observer/1.0.3
    dev: false
